{
  "nodes": {
    "llamagptjchat": {
      "flake": false,
      "locked": {
        "lastModified": 1684331891,
        "narHash": "sha256-HlgeKBdp+GKUNX8U26agY8N9ap4sOSJL9OReonmB1Aw=",
        "ref": "refs/heads/main",
        "rev": "69143310735240e9681c4cb5256bc5777b426cb7",
        "revCount": 153,
        "submodules": true,
        "type": "git",
        "url": "https://github.com/kuvaus/LlamaGPTJ-chat"
      },
      "original": {
        "submodules": true,
        "type": "git",
        "url": "https://github.com/kuvaus/LlamaGPTJ-chat"
      }
    },
    "nixpkgs": {
      "locked": {
        "lastModified": 1684385584,
        "narHash": "sha256-O7y0gK8OLIDqz+LaHJJyeu09IGiXlZIS3+JgEzGmmJA=",
        "owner": "NixOS",
        "repo": "nixpkgs",
        "rev": "48a0fb7aab511df92a17cf239c37f2bd2ec9ae3a",
        "type": "github"
      },
      "original": {
        "owner": "NixOS",
        "ref": "nixos-unstable",
        "repo": "nixpkgs",
        "type": "github"
      }
    },
    "root": {
      "inputs": {
        "llamagptjchat": "llamagptjchat",
        "nixpkgs": "nixpkgs"
      }
    }
  },
  "root": "root",
  "version": 7
}
